# This file is autogenerated, do not edit; changes may be undone by the next 'dep ensure'.


[[projects]]
  name = "github.com/dlclark/regexp2"
  packages = [".","syntax"]
  revision = "487489b64fb796de2e55f4e8a4ad1e145f80e957"
  version = "v1.1.6"

[[projects]]
  branch = "master"
  name = "github.com/go-errors/errors"
  packages = ["."]
  revision = "8fa88b06e5974e97fbf9899a7f86a344bfd1f105"

[[projects]]
  name = "github.com/gorilla/context"
  packages = ["."]
  revision = "1ea25387ff6f684839d82767c1733ff4d4d15d0a"
  version = "v1.1"

[[projects]]
  name = "github.com/gorilla/mux"
  packages = ["."]
  revision = "bcd8bc72b08df0f70df986b97f95590779502d31"
  version = "v1.4.0"

[[projects]]
  name = "github.com/mattn/go-sqlite3"
  packages = ["."]
  revision = "ca5e3819723d8eeaf170ad510e7da1d6d2e94a08"
  version = "v1.2.0"

[[projects]]
  name = "github.com/stts-se/rbg2p"
  packages = ["."]
  revision = "4940cddaa70697f27cd20d4b771a69d62b1bc160"
  version = "v0.1"

[[projects]]
  branch = "master"
  name = "golang.org/x/crypto"
  packages = ["bcrypt","blowfish"]
  revision = "81e90905daefcd6fd217b62423c0908922eadb30"

[[projects]]
  branch = "master"
  name = "golang.org/x/net"
  packages = ["context","websocket"]
  revision = "66aacef3dd8a676686c7ae3716979581e8b03c47"

[solve-meta]
  analyzer-name = "dep"
  analyzer-version = 1
  inputs-digest = "d60a0aea5f4f0d6e6c5ee285f6d96eb2f57089ebd9f5d12549a7692a6a12588f"
  solver-name = "gps-cdcl"
  solver-version = 1
